// !$*UTF8*$!
{
	archiveVersion = 1;
	classes = {
	};
	objectVersion = 56;
	objects = {

/* Begin PBXBuildFile section */
		1303E95C2B4DB82900DC9B75 /* HomeViewTab.swift in Sources */ = {isa = PBXBuildFile; fileRef = 1303E95B2B4DB82900DC9B75 /* HomeViewTab.swift */; };
		1303E95E2B4DB90500DC9B75 /* ProfileViewTab.swift in Sources */ = {isa = PBXBuildFile; fileRef = 1303E95D2B4DB90500DC9B75 /* ProfileViewTab.swift */; };
		1303E9602B4DB91700DC9B75 /* SettingsViewTab.swift in Sources */ = {isa = PBXBuildFile; fileRef = 1303E95F2B4DB91700DC9B75 /* SettingsViewTab.swift */; };
		1303E9622B4DB92600DC9B75 /* SearchViewTab.swift in Sources */ = {isa = PBXBuildFile; fileRef = 1303E9612B4DB92600DC9B75 /* SearchViewTab.swift */; };
		1303E9642B4EDE6100DC9B75 /* VentuorView.swift in Sources */ = {isa = PBXBuildFile; fileRef = 1303E9632B4EDE6100DC9B75 /* VentuorView.swift */; };
		1303E9662B5039F700DC9B75 /* VentuorHoursSheet.swift in Sources */ = {isa = PBXBuildFile; fileRef = 1303E9652B5039F700DC9B75 /* VentuorHoursSheet.swift */; };
		131F6E382B50693B00F81D50 /* VentuorData.swift in Sources */ = {isa = PBXBuildFile; fileRef = 131F6E372B50693B00F81D50 /* VentuorData.swift */; };
		131F6E3A2B50700D00F81D50 /* Utils.swift in Sources */ = {isa = PBXBuildFile; fileRef = 131F6E392B50700D00F81D50 /* Utils.swift */; };
		131F6E3C2B5073B600F81D50 /* VentuorViewModel.swift in Sources */ = {isa = PBXBuildFile; fileRef = 131F6E3B2B5073B600F81D50 /* VentuorViewModel.swift */; };
		133AF0672B4710FA005557D9 /* VentuorApp.swift in Sources */ = {isa = PBXBuildFile; fileRef = 133AF0662B4710FA005557D9 /* VentuorApp.swift */; };
		133AF0692B4710FA005557D9 /* ContentView.swift in Sources */ = {isa = PBXBuildFile; fileRef = 133AF0682B4710FA005557D9 /* ContentView.swift */; };
		133AF06B2B4710FE005557D9 /* Assets.xcassets in Resources */ = {isa = PBXBuildFile; fileRef = 133AF06A2B4710FE005557D9 /* Assets.xcassets */; };
		133AF06E2B4710FE005557D9 /* Preview Assets.xcassets in Resources */ = {isa = PBXBuildFile; fileRef = 133AF06D2B4710FE005557D9 /* Preview Assets.xcassets */; };
		133AF0752B47212A005557D9 /* Auth.swift in Sources */ = {isa = PBXBuildFile; fileRef = 133AF0742B47212A005557D9 /* Auth.swift */; };
		133AF07A2B472196005557D9 /* KeychainWrapperSubscript.swift in Sources */ = {isa = PBXBuildFile; fileRef = 133AF0772B472195005557D9 /* KeychainWrapperSubscript.swift */; };
		133AF07B2B472196005557D9 /* KeychainItemAccessibility.swift in Sources */ = {isa = PBXBuildFile; fileRef = 133AF0782B472196005557D9 /* KeychainItemAccessibility.swift */; };
		133AF07C2B472196005557D9 /* KeychainWrapper.swift in Sources */ = {isa = PBXBuildFile; fileRef = 133AF0792B472196005557D9 /* KeychainWrapper.swift */; };
		133AF0812B4722F5005557D9 /* IntroItem.swift in Sources */ = {isa = PBXBuildFile; fileRef = 133AF0802B4722F5005557D9 /* IntroItem.swift */; };
		133AF0832B47233E005557D9 /* IntroScreens.swift in Sources */ = {isa = PBXBuildFile; fileRef = 133AF0822B47233E005557D9 /* IntroScreens.swift */; };
		133AF0862B47254F005557D9 /* SplashView.swift in Sources */ = {isa = PBXBuildFile; fileRef = 133AF0852B47254F005557D9 /* SplashView.swift */; };
		133AF0882B472879005557D9 /* RootScreen.swift in Sources */ = {isa = PBXBuildFile; fileRef = 133AF0872B472878005557D9 /* RootScreen.swift */; };
		133AF08A2B4730D5005557D9 /* TabViewScreen.swift in Sources */ = {isa = PBXBuildFile; fileRef = 133AF0892B4730D5005557D9 /* TabViewScreen.swift */; };
		133AF08C2B473125005557D9 /* HomeViewModel.swift in Sources */ = {isa = PBXBuildFile; fileRef = 133AF08B2B473125005557D9 /* HomeViewModel.swift */; };
		133AF08F2B474E35005557D9 /* LandingView.swift in Sources */ = {isa = PBXBuildFile; fileRef = 133AF08E2B474E35005557D9 /* LandingView.swift */; };
		133AF0912B4760FA005557D9 /* LoginView.swift in Sources */ = {isa = PBXBuildFile; fileRef = 133AF0902B4760FA005557D9 /* LoginView.swift */; };
		133AF0932B47610F005557D9 /* SignupFullname.swift in Sources */ = {isa = PBXBuildFile; fileRef = 133AF0922B47610F005557D9 /* SignupFullname.swift */; };
		133AF0992B47613F005557D9 /* LoginViewModel.swift in Sources */ = {isa = PBXBuildFile; fileRef = 133AF0952B47613F005557D9 /* LoginViewModel.swift */; };
		133AF09A2B47613F005557D9 /* LoginRequest.swift in Sources */ = {isa = PBXBuildFile; fileRef = 133AF0962B47613F005557D9 /* LoginRequest.swift */; };
		133AF09B2B47613F005557D9 /* SignupViewModel.swift in Sources */ = {isa = PBXBuildFile; fileRef = 133AF0972B47613F005557D9 /* SignupViewModel.swift */; };
		133AF09C2B47613F005557D9 /* LoginResponse.swift in Sources */ = {isa = PBXBuildFile; fileRef = 133AF0982B47613F005557D9 /* LoginResponse.swift */; };
		133AF0A22B4761B2005557D9 /* Services.swift in Sources */ = {isa = PBXBuildFile; fileRef = 133AF09E2B4761B1005557D9 /* Services.swift */; };
		133AF0A32B4761B2005557D9 /* Web.swift in Sources */ = {isa = PBXBuildFile; fileRef = 133AF09F2B4761B1005557D9 /* Web.swift */; };
		133AF0A82B4762D7005557D9 /* OnboardingInputView.swift in Sources */ = {isa = PBXBuildFile; fileRef = 133AF0A72B4762D7005557D9 /* OnboardingInputView.swift */; };
		133AF0AA2B476334005557D9 /* SignupEmail.swift in Sources */ = {isa = PBXBuildFile; fileRef = 133AF0A92B476334005557D9 /* SignupEmail.swift */; };
		133AF0AC2B476349005557D9 /* SignupPassword.swift in Sources */ = {isa = PBXBuildFile; fileRef = 133AF0AB2B476349005557D9 /* SignupPassword.swift */; };
		133AF0AE2B47636A005557D9 /* SignupConfirmation.swift in Sources */ = {isa = PBXBuildFile; fileRef = 133AF0AD2B47636A005557D9 /* SignupConfirmation.swift */; };
		133AF0B52B484EE5005557D9 /* Configuration.swift in Sources */ = {isa = PBXBuildFile; fileRef = 133AF0B42B484EE5005557D9 /* Configuration.swift */; };
		136F858C2B4B39C30089B651 /* ErrorHelper.swift in Sources */ = {isa = PBXBuildFile; fileRef = 136F858B2B4B39C30089B651 /* ErrorHelper.swift */; };
		136F858F2B4C95EB0089B651 /* Home.swift in Sources */ = {isa = PBXBuildFile; fileRef = 136F858E2B4C95EB0089B651 /* Home.swift */; };
		136F85912B4C965B0089B651 /* CustomTabBar.swift in Sources */ = {isa = PBXBuildFile; fileRef = 136F85902B4C965B0089B651 /* CustomTabBar.swift */; };
		136F85932B4CA4870089B651 /* TabCurve.swift in Sources */ = {isa = PBXBuildFile; fileRef = 136F85922B4CA4870089B651 /* TabCurve.swift */; };
		13C623BE2B56D8A80041B75C /* VentuorAppItem.swift in Sources */ = {isa = PBXBuildFile; fileRef = 13C623BD2B56D8A80041B75C /* VentuorAppItem.swift */; };
		13C623C02B5705AD0041B75C /* VentuorMapsItem.swift in Sources */ = {isa = PBXBuildFile; fileRef = 13C623BF2B5705AD0041B75C /* VentuorMapsItem.swift */; };
		13C623C22B57105A0041B75C /* VentuorTitleOpenClosedStatus.swift in Sources */ = {isa = PBXBuildFile; fileRef = 13C623C12B57105A0041B75C /* VentuorTitleOpenClosedStatus.swift */; };
		13C623C42B574BD00041B75C /* VentuorPagesItem.swift in Sources */ = {isa = PBXBuildFile; fileRef = 13C623C32B574BD00041B75C /* VentuorPagesItem.swift */; };
		13F8EAF02B50BC8300BABF60 /* SettingsInfo.swift in Sources */ = {isa = PBXBuildFile; fileRef = 13F8EAEF2B50BC8300BABF60 /* SettingsInfo.swift */; };
		13F8EAF22B50BD9400BABF60 /* LocationDataManager.swift in Sources */ = {isa = PBXBuildFile; fileRef = 13F8EAF12B50BD9400BABF60 /* LocationDataManager.swift */; };
		13F8EAF42B51CDA100BABF60 /* VentuorGenericSheet.swift in Sources */ = {isa = PBXBuildFile; fileRef = 13F8EAF32B51CDA100BABF60 /* VentuorGenericSheet.swift */; };
		13F8EAF82B51CF0200BABF60 /* HTMLRender.swift in Sources */ = {isa = PBXBuildFile; fileRef = 13F8EAF72B51CF0200BABF60 /* HTMLRender.swift */; };
		13F8EAFA2B51DD6200BABF60 /* VentuorNavButtonView.swift in Sources */ = {isa = PBXBuildFile; fileRef = 13F8EAF92B51DD6200BABF60 /* VentuorNavButtonView.swift */; };
		13F8EAFC2B51E4E200BABF60 /* VentuorSaveFollowButtons.swift in Sources */ = {isa = PBXBuildFile; fileRef = 13F8EAFB2B51E4E200BABF60 /* VentuorSaveFollowButtons.swift */; };
		13F8EAFE2B532B1D00BABF60 /* VentuorCallItem.swift in Sources */ = {isa = PBXBuildFile; fileRef = 13F8EAFD2B532B1D00BABF60 /* VentuorCallItem.swift */; };
		13F8EB002B53333B00BABF60 /* VentuorFacebookItem.swift in Sources */ = {isa = PBXBuildFile; fileRef = 13F8EAFF2B53333B00BABF60 /* VentuorFacebookItem.swift */; };
		13F8EB022B53347500BABF60 /* VentuorYouTubeItem.swift in Sources */ = {isa = PBXBuildFile; fileRef = 13F8EB012B53347500BABF60 /* VentuorYouTubeItem.swift */; };
		13F8EB042B53377C00BABF60 /* VentuorTwitterItem.swift in Sources */ = {isa = PBXBuildFile; fileRef = 13F8EB032B53377C00BABF60 /* VentuorTwitterItem.swift */; };
		13F8EB062B53388500BABF60 /* VentuorWebsiteItem.swift in Sources */ = {isa = PBXBuildFile; fileRef = 13F8EB052B53388500BABF60 /* VentuorWebsiteItem.swift */; };
		13F8EB272B562D0000BABF60 /* VentuorHoursItem.swift in Sources */ = {isa = PBXBuildFile; fileRef = 13F8EB262B562D0000BABF60 /* VentuorHoursItem.swift */; };
		13F8EB292B562F7C00BABF60 /* VentuorDeptHoursItem.swift in Sources */ = {isa = PBXBuildFile; fileRef = 13F8EB282B562F7C00BABF60 /* VentuorDeptHoursItem.swift */; };
/* End PBXBuildFile section */

/* Begin PBXFileReference section */
		1303E95B2B4DB82900DC9B75 /* HomeViewTab.swift */ = {isa = PBXFileReference; lastKnownFileType = sourcecode.swift; path = HomeViewTab.swift; sourceTree = "<group>"; };
		1303E95D2B4DB90500DC9B75 /* ProfileViewTab.swift */ = {isa = PBXFileReference; lastKnownFileType = sourcecode.swift; path = ProfileViewTab.swift; sourceTree = "<group>"; };
		1303E95F2B4DB91700DC9B75 /* SettingsViewTab.swift */ = {isa = PBXFileReference; lastKnownFileType = sourcecode.swift; path = SettingsViewTab.swift; sourceTree = "<group>"; };
		1303E9612B4DB92600DC9B75 /* SearchViewTab.swift */ = {isa = PBXFileReference; lastKnownFileType = sourcecode.swift; path = SearchViewTab.swift; sourceTree = "<group>"; };
		1303E9632B4EDE6100DC9B75 /* VentuorView.swift */ = {isa = PBXFileReference; lastKnownFileType = sourcecode.swift; path = VentuorView.swift; sourceTree = "<group>"; };
		1303E9652B5039F700DC9B75 /* VentuorHoursSheet.swift */ = {isa = PBXFileReference; lastKnownFileType = sourcecode.swift; path = VentuorHoursSheet.swift; sourceTree = "<group>"; };
		131F6E372B50693B00F81D50 /* VentuorData.swift */ = {isa = PBXFileReference; lastKnownFileType = sourcecode.swift; path = VentuorData.swift; sourceTree = "<group>"; };
		131F6E392B50700D00F81D50 /* Utils.swift */ = {isa = PBXFileReference; lastKnownFileType = sourcecode.swift; path = Utils.swift; sourceTree = "<group>"; };
		131F6E3B2B5073B600F81D50 /* VentuorViewModel.swift */ = {isa = PBXFileReference; lastKnownFileType = sourcecode.swift; path = VentuorViewModel.swift; sourceTree = "<group>"; };
		133AF0632B4710FA005557D9 /* Ventuor.app */ = {isa = PBXFileReference; explicitFileType = wrapper.application; includeInIndex = 0; path = Ventuor.app; sourceTree = BUILT_PRODUCTS_DIR; };
		133AF0662B4710FA005557D9 /* VentuorApp.swift */ = {isa = PBXFileReference; lastKnownFileType = sourcecode.swift; path = VentuorApp.swift; sourceTree = "<group>"; };
		133AF0682B4710FA005557D9 /* ContentView.swift */ = {isa = PBXFileReference; lastKnownFileType = sourcecode.swift; path = ContentView.swift; sourceTree = "<group>"; };
		133AF06A2B4710FE005557D9 /* Assets.xcassets */ = {isa = PBXFileReference; lastKnownFileType = folder.assetcatalog; path = Assets.xcassets; sourceTree = "<group>"; };
		133AF06D2B4710FE005557D9 /* Preview Assets.xcassets */ = {isa = PBXFileReference; lastKnownFileType = folder.assetcatalog; path = "Preview Assets.xcassets"; sourceTree = "<group>"; };
		133AF0742B47212A005557D9 /* Auth.swift */ = {isa = PBXFileReference; lastKnownFileType = sourcecode.swift; path = Auth.swift; sourceTree = "<group>"; };
		133AF0772B472195005557D9 /* KeychainWrapperSubscript.swift */ = {isa = PBXFileReference; fileEncoding = 4; lastKnownFileType = sourcecode.swift; path = KeychainWrapperSubscript.swift; sourceTree = "<group>"; };
		133AF0782B472196005557D9 /* KeychainItemAccessibility.swift */ = {isa = PBXFileReference; fileEncoding = 4; lastKnownFileType = sourcecode.swift; path = KeychainItemAccessibility.swift; sourceTree = "<group>"; };
		133AF0792B472196005557D9 /* KeychainWrapper.swift */ = {isa = PBXFileReference; fileEncoding = 4; lastKnownFileType = sourcecode.swift; path = KeychainWrapper.swift; sourceTree = "<group>"; };
		133AF07D2B4721AD005557D9 /* SwiftKeychainWrapper.h */ = {isa = PBXFileReference; lastKnownFileType = sourcecode.c.h; path = SwiftKeychainWrapper.h; sourceTree = "<group>"; };
		133AF0802B4722F5005557D9 /* IntroItem.swift */ = {isa = PBXFileReference; lastKnownFileType = sourcecode.swift; path = IntroItem.swift; sourceTree = "<group>"; };
		133AF0822B47233E005557D9 /* IntroScreens.swift */ = {isa = PBXFileReference; lastKnownFileType = sourcecode.swift; path = IntroScreens.swift; sourceTree = "<group>"; };
		133AF0852B47254F005557D9 /* SplashView.swift */ = {isa = PBXFileReference; lastKnownFileType = sourcecode.swift; path = SplashView.swift; sourceTree = "<group>"; };
		133AF0872B472878005557D9 /* RootScreen.swift */ = {isa = PBXFileReference; lastKnownFileType = sourcecode.swift; path = RootScreen.swift; sourceTree = "<group>"; };
		133AF0892B4730D5005557D9 /* TabViewScreen.swift */ = {isa = PBXFileReference; lastKnownFileType = sourcecode.swift; path = TabViewScreen.swift; sourceTree = "<group>"; };
		133AF08B2B473125005557D9 /* HomeViewModel.swift */ = {isa = PBXFileReference; lastKnownFileType = sourcecode.swift; path = HomeViewModel.swift; sourceTree = "<group>"; };
		133AF08E2B474E35005557D9 /* LandingView.swift */ = {isa = PBXFileReference; lastKnownFileType = sourcecode.swift; path = LandingView.swift; sourceTree = "<group>"; };
		133AF0902B4760FA005557D9 /* LoginView.swift */ = {isa = PBXFileReference; fileEncoding = 4; lastKnownFileType = sourcecode.swift; path = LoginView.swift; sourceTree = "<group>"; };
		133AF0922B47610F005557D9 /* SignupFullname.swift */ = {isa = PBXFileReference; fileEncoding = 4; lastKnownFileType = sourcecode.swift; path = SignupFullname.swift; sourceTree = "<group>"; };
		133AF0952B47613F005557D9 /* LoginViewModel.swift */ = {isa = PBXFileReference; fileEncoding = 4; lastKnownFileType = sourcecode.swift; path = LoginViewModel.swift; sourceTree = "<group>"; };
		133AF0962B47613F005557D9 /* LoginRequest.swift */ = {isa = PBXFileReference; fileEncoding = 4; lastKnownFileType = sourcecode.swift; path = LoginRequest.swift; sourceTree = "<group>"; };
		133AF0972B47613F005557D9 /* SignupViewModel.swift */ = {isa = PBXFileReference; fileEncoding = 4; lastKnownFileType = sourcecode.swift; path = SignupViewModel.swift; sourceTree = "<group>"; };
		133AF0982B47613F005557D9 /* LoginResponse.swift */ = {isa = PBXFileReference; fileEncoding = 4; lastKnownFileType = sourcecode.swift; path = LoginResponse.swift; sourceTree = "<group>"; };
		133AF09E2B4761B1005557D9 /* Services.swift */ = {isa = PBXFileReference; fileEncoding = 4; lastKnownFileType = sourcecode.swift; path = Services.swift; sourceTree = "<group>"; };
		133AF09F2B4761B1005557D9 /* Web.swift */ = {isa = PBXFileReference; fileEncoding = 4; lastKnownFileType = sourcecode.swift; path = Web.swift; sourceTree = "<group>"; };
		133AF0A72B4762D7005557D9 /* OnboardingInputView.swift */ = {isa = PBXFileReference; fileEncoding = 4; lastKnownFileType = sourcecode.swift; path = OnboardingInputView.swift; sourceTree = "<group>"; };
		133AF0A92B476334005557D9 /* SignupEmail.swift */ = {isa = PBXFileReference; fileEncoding = 4; lastKnownFileType = sourcecode.swift; path = SignupEmail.swift; sourceTree = "<group>"; };
		133AF0AB2B476349005557D9 /* SignupPassword.swift */ = {isa = PBXFileReference; fileEncoding = 4; lastKnownFileType = sourcecode.swift; path = SignupPassword.swift; sourceTree = "<group>"; };
		133AF0AD2B47636A005557D9 /* SignupConfirmation.swift */ = {isa = PBXFileReference; fileEncoding = 4; lastKnownFileType = sourcecode.swift; path = SignupConfirmation.swift; sourceTree = "<group>"; };
		133AF0B12B48444D005557D9 /* Development.xcconfig */ = {isa = PBXFileReference; lastKnownFileType = text.xcconfig; path = Development.xcconfig; sourceTree = "<group>"; };
		133AF0B22B4844C9005557D9 /* Production.xcconfig */ = {isa = PBXFileReference; lastKnownFileType = text.xcconfig; path = Production.xcconfig; sourceTree = "<group>"; };
		133AF0B32B484E65005557D9 /* Info.plist */ = {isa = PBXFileReference; lastKnownFileType = text.plist; path = Info.plist; sourceTree = "<group>"; };
		133AF0B42B484EE5005557D9 /* Configuration.swift */ = {isa = PBXFileReference; lastKnownFileType = sourcecode.swift; path = Configuration.swift; sourceTree = "<group>"; };
		136F858B2B4B39C30089B651 /* ErrorHelper.swift */ = {isa = PBXFileReference; lastKnownFileType = sourcecode.swift; path = ErrorHelper.swift; sourceTree = "<group>"; };
		136F858E2B4C95EB0089B651 /* Home.swift */ = {isa = PBXFileReference; lastKnownFileType = sourcecode.swift; path = Home.swift; sourceTree = "<group>"; };
		136F85902B4C965B0089B651 /* CustomTabBar.swift */ = {isa = PBXFileReference; lastKnownFileType = sourcecode.swift; path = CustomTabBar.swift; sourceTree = "<group>"; };
		136F85922B4CA4870089B651 /* TabCurve.swift */ = {isa = PBXFileReference; lastKnownFileType = sourcecode.swift; path = TabCurve.swift; sourceTree = "<group>"; };
		13C623BD2B56D8A80041B75C /* VentuorAppItem.swift */ = {isa = PBXFileReference; lastKnownFileType = sourcecode.swift; path = VentuorAppItem.swift; sourceTree = "<group>"; };
		13C623BF2B5705AD0041B75C /* VentuorMapsItem.swift */ = {isa = PBXFileReference; lastKnownFileType = sourcecode.swift; path = VentuorMapsItem.swift; sourceTree = "<group>"; };
		13C623C12B57105A0041B75C /* VentuorTitleOpenClosedStatus.swift */ = {isa = PBXFileReference; lastKnownFileType = sourcecode.swift; path = VentuorTitleOpenClosedStatus.swift; sourceTree = "<group>"; };
		13C623C32B574BD00041B75C /* VentuorPagesItem.swift */ = {isa = PBXFileReference; lastKnownFileType = sourcecode.swift; path = VentuorPagesItem.swift; sourceTree = "<group>"; };
		13F8EAEF2B50BC8300BABF60 /* SettingsInfo.swift */ = {isa = PBXFileReference; lastKnownFileType = sourcecode.swift; path = SettingsInfo.swift; sourceTree = "<group>"; };
		13F8EAF12B50BD9400BABF60 /* LocationDataManager.swift */ = {isa = PBXFileReference; lastKnownFileType = sourcecode.swift; path = LocationDataManager.swift; sourceTree = "<group>"; };
		13F8EAF32B51CDA100BABF60 /* VentuorGenericSheet.swift */ = {isa = PBXFileReference; lastKnownFileType = sourcecode.swift; path = VentuorGenericSheet.swift; sourceTree = "<group>"; };
		13F8EAF72B51CF0200BABF60 /* HTMLRender.swift */ = {isa = PBXFileReference; lastKnownFileType = sourcecode.swift; path = HTMLRender.swift; sourceTree = "<group>"; };
		13F8EAF92B51DD6200BABF60 /* VentuorNavButtonView.swift */ = {isa = PBXFileReference; lastKnownFileType = sourcecode.swift; path = VentuorNavButtonView.swift; sourceTree = "<group>"; };
		13F8EAFB2B51E4E200BABF60 /* VentuorSaveFollowButtons.swift */ = {isa = PBXFileReference; lastKnownFileType = sourcecode.swift; path = VentuorSaveFollowButtons.swift; sourceTree = "<group>"; };
		13F8EAFD2B532B1D00BABF60 /* VentuorCallItem.swift */ = {isa = PBXFileReference; lastKnownFileType = sourcecode.swift; path = VentuorCallItem.swift; sourceTree = "<group>"; };
		13F8EAFF2B53333B00BABF60 /* VentuorFacebookItem.swift */ = {isa = PBXFileReference; lastKnownFileType = sourcecode.swift; path = VentuorFacebookItem.swift; sourceTree = "<group>"; };
		13F8EB012B53347500BABF60 /* VentuorYouTubeItem.swift */ = {isa = PBXFileReference; lastKnownFileType = sourcecode.swift; path = VentuorYouTubeItem.swift; sourceTree = "<group>"; };
		13F8EB032B53377C00BABF60 /* VentuorTwitterItem.swift */ = {isa = PBXFileReference; lastKnownFileType = sourcecode.swift; path = VentuorTwitterItem.swift; sourceTree = "<group>"; };
		13F8EB052B53388500BABF60 /* VentuorWebsiteItem.swift */ = {isa = PBXFileReference; lastKnownFileType = sourcecode.swift; path = VentuorWebsiteItem.swift; sourceTree = "<group>"; };
		13F8EB262B562D0000BABF60 /* VentuorHoursItem.swift */ = {isa = PBXFileReference; lastKnownFileType = sourcecode.swift; path = VentuorHoursItem.swift; sourceTree = "<group>"; };
		13F8EB282B562F7C00BABF60 /* VentuorDeptHoursItem.swift */ = {isa = PBXFileReference; lastKnownFileType = sourcecode.swift; path = VentuorDeptHoursItem.swift; sourceTree = "<group>"; };
/* End PBXFileReference section */

/* Begin PBXFrameworksBuildPhase section */
		133AF0602B4710FA005557D9 /* Frameworks */ = {
			isa = PBXFrameworksBuildPhase;
			buildActionMask = 2147483647;
			files = (
			);
			runOnlyForDeploymentPostprocessing = 0;
		};
/* End PBXFrameworksBuildPhase section */

/* Begin PBXGroup section */
		133AF05A2B4710FA005557D9 = {
			isa = PBXGroup;
			children = (
				133AF0B42B484EE5005557D9 /* Configuration.swift */,
				133AF0B22B4844C9005557D9 /* Production.xcconfig */,
				133AF0B12B48444D005557D9 /* Development.xcconfig */,
				133AF0652B4710FA005557D9 /* Ventuor */,
				133AF0642B4710FA005557D9 /* Products */,
			);
			sourceTree = "<group>";
		};
		133AF0642B4710FA005557D9 /* Products */ = {
			isa = PBXGroup;
			children = (
				133AF0632B4710FA005557D9 /* Ventuor.app */,
			);
			name = Products;
			sourceTree = "<group>";
		};
		133AF0652B4710FA005557D9 /* Ventuor */ = {
			isa = PBXGroup;
			children = (
				13F8EAEE2B50BC6600BABF60 /* Settings */,
				136F858D2B4C95DB0089B651 /* Shared */,
				133AF0B32B484E65005557D9 /* Info.plist */,
				133AF09D2B4761B1005557D9 /* Legacy Auth and Services */,
				133AF08D2B474E17005557D9 /* Onboarding */,
				133AF0842B47253A005557D9 /* Splash Screens */,
				133AF07E2B4722A6005557D9 /* Intro Screens */,
				133AF0762B472144005557D9 /* KeychainWrapper */,
				133AF0662B4710FA005557D9 /* VentuorApp.swift */,
				133AF0682B4710FA005557D9 /* ContentView.swift */,
				133AF06A2B4710FE005557D9 /* Assets.xcassets */,
				133AF06C2B4710FE005557D9 /* Preview Content */,
				133AF0742B47212A005557D9 /* Auth.swift */,
				13F8EAF52B51CDAB00BABF60 /* Ventuor Components */,
				133AF0872B472878005557D9 /* RootScreen.swift */,
				133AF0892B4730D5005557D9 /* TabViewScreen.swift */,
				133AF08B2B473125005557D9 /* HomeViewModel.swift */,
				1303E95B2B4DB82900DC9B75 /* HomeViewTab.swift */,
				1303E95D2B4DB90500DC9B75 /* ProfileViewTab.swift */,
				1303E95F2B4DB91700DC9B75 /* SettingsViewTab.swift */,
				1303E9612B4DB92600DC9B75 /* SearchViewTab.swift */,
				1303E9632B4EDE6100DC9B75 /* VentuorView.swift */,
			);
			path = Ventuor;
			sourceTree = "<group>";
		};
		133AF06C2B4710FE005557D9 /* Preview Content */ = {
			isa = PBXGroup;
			children = (
				133AF06D2B4710FE005557D9 /* Preview Assets.xcassets */,
			);
			path = "Preview Content";
			sourceTree = "<group>";
		};
		133AF0762B472144005557D9 /* KeychainWrapper */ = {
			isa = PBXGroup;
			children = (
				133AF07D2B4721AD005557D9 /* SwiftKeychainWrapper.h */,
				133AF0782B472196005557D9 /* KeychainItemAccessibility.swift */,
				133AF0792B472196005557D9 /* KeychainWrapper.swift */,
				133AF0772B472195005557D9 /* KeychainWrapperSubscript.swift */,
			);
			path = KeychainWrapper;
			sourceTree = "<group>";
		};
		133AF07E2B4722A6005557D9 /* Intro Screens */ = {
			isa = PBXGroup;
			children = (
				133AF07F2B4722D9005557D9 /* Model */,
				133AF0822B47233E005557D9 /* IntroScreens.swift */,
			);
			path = "Intro Screens";
			sourceTree = "<group>";
		};
		133AF07F2B4722D9005557D9 /* Model */ = {
			isa = PBXGroup;
			children = (
				133AF0802B4722F5005557D9 /* IntroItem.swift */,
			);
			path = Model;
			sourceTree = "<group>";
		};
		133AF0842B47253A005557D9 /* Splash Screens */ = {
			isa = PBXGroup;
			children = (
				133AF0852B47254F005557D9 /* SplashView.swift */,
			);
			path = "Splash Screens";
			sourceTree = "<group>";
		};
		133AF08D2B474E17005557D9 /* Onboarding */ = {
			isa = PBXGroup;
			children = (
				136F858A2B4B39A80089B651 /* Helpers */,
				133AF0A62B4762D7005557D9 /* Components */,
				133AF0942B47613F005557D9 /* Model */,
				133AF08E2B474E35005557D9 /* LandingView.swift */,
				133AF0902B4760FA005557D9 /* LoginView.swift */,
				133AF0922B47610F005557D9 /* SignupFullname.swift */,
				133AF0A92B476334005557D9 /* SignupEmail.swift */,
				133AF0AB2B476349005557D9 /* SignupPassword.swift */,
				133AF0AD2B47636A005557D9 /* SignupConfirmation.swift */,
			);
			path = Onboarding;
			sourceTree = "<group>";
		};
		133AF0942B47613F005557D9 /* Model */ = {
			isa = PBXGroup;
			children = (
				133AF0962B47613F005557D9 /* LoginRequest.swift */,
				133AF0982B47613F005557D9 /* LoginResponse.swift */,
				133AF0952B47613F005557D9 /* LoginViewModel.swift */,
				133AF0972B47613F005557D9 /* SignupViewModel.swift */,
			);
			path = Model;
			sourceTree = "<group>";
		};
		133AF09D2B4761B1005557D9 /* Legacy Auth and Services */ = {
			isa = PBXGroup;
			children = (
				133AF09E2B4761B1005557D9 /* Services.swift */,
				133AF09F2B4761B1005557D9 /* Web.swift */,
				131F6E392B50700D00F81D50 /* Utils.swift */,
			);
			path = "Legacy Auth and Services";
			sourceTree = "<group>";
		};
		133AF0A62B4762D7005557D9 /* Components */ = {
			isa = PBXGroup;
			children = (
				133AF0A72B4762D7005557D9 /* OnboardingInputView.swift */,
			);
			path = Components;
			sourceTree = "<group>";
		};
		136F858A2B4B39A80089B651 /* Helpers */ = {
			isa = PBXGroup;
			children = (
				136F858B2B4B39C30089B651 /* ErrorHelper.swift */,
			);
			path = Helpers;
			sourceTree = "<group>";
		};
		136F858D2B4C95DB0089B651 /* Shared */ = {
			isa = PBXGroup;
			children = (
				136F858E2B4C95EB0089B651 /* Home.swift */,
				136F85902B4C965B0089B651 /* CustomTabBar.swift */,
				136F85922B4CA4870089B651 /* TabCurve.swift */,
			);
			path = Shared;
			sourceTree = "<group>";
		};
		13F8EAEE2B50BC6600BABF60 /* Settings */ = {
			isa = PBXGroup;
			children = (
				13F8EAEF2B50BC8300BABF60 /* SettingsInfo.swift */,
				13F8EAF12B50BD9400BABF60 /* LocationDataManager.swift */,
			);
			path = Settings;
			sourceTree = "<group>";
		};
		13F8EAF52B51CDAB00BABF60 /* Ventuor Components */ = {
			isa = PBXGroup;
			children = (
				13F8EAF62B51CDDF00BABF60 /* Model */,
				1303E9652B5039F700DC9B75 /* VentuorHoursSheet.swift */,
				13F8EAF32B51CDA100BABF60 /* VentuorGenericSheet.swift */,
				13F8EAF72B51CF0200BABF60 /* HTMLRender.swift */,
				13F8EAF92B51DD6200BABF60 /* VentuorNavButtonView.swift */,
				13F8EAFB2B51E4E200BABF60 /* VentuorSaveFollowButtons.swift */,
				13F8EAFD2B532B1D00BABF60 /* VentuorCallItem.swift */,
				13F8EAFF2B53333B00BABF60 /* VentuorFacebookItem.swift */,
				13F8EB012B53347500BABF60 /* VentuorYouTubeItem.swift */,
				13F8EB032B53377C00BABF60 /* VentuorTwitterItem.swift */,
				13F8EB052B53388500BABF60 /* VentuorWebsiteItem.swift */,
				13F8EB262B562D0000BABF60 /* VentuorHoursItem.swift */,
				13F8EB282B562F7C00BABF60 /* VentuorDeptHoursItem.swift */,
				13C623BD2B56D8A80041B75C /* VentuorAppItem.swift */,
				13C623BF2B5705AD0041B75C /* VentuorMapsItem.swift */,
				13C623C12B57105A0041B75C /* VentuorTitleOpenClosedStatus.swift */,
				13C623C32B574BD00041B75C /* VentuorPagesItem.swift */,
			);
			path = "Ventuor Components";
			sourceTree = "<group>";
		};
		13F8EAF62B51CDDF00BABF60 /* Model */ = {
			isa = PBXGroup;
			children = (
				131F6E372B50693B00F81D50 /* VentuorData.swift */,
				131F6E3B2B5073B600F81D50 /* VentuorViewModel.swift */,
			);
			path = Model;
			sourceTree = "<group>";
		};
/* End PBXGroup section */

/* Begin PBXNativeTarget section */
		133AF0622B4710FA005557D9 /* Ventuor */ = {
			isa = PBXNativeTarget;
			buildConfigurationList = 133AF0712B4710FE005557D9 /* Build configuration list for PBXNativeTarget "Ventuor" */;
			buildPhases = (
				133AF05F2B4710FA005557D9 /* Sources */,
				133AF0602B4710FA005557D9 /* Frameworks */,
				133AF0612B4710FA005557D9 /* Resources */,
			);
			buildRules = (
			);
			dependencies = (
			);
			name = Ventuor;
			productName = Ventuor;
			productReference = 133AF0632B4710FA005557D9 /* Ventuor.app */;
			productType = "com.apple.product-type.application";
		};
/* End PBXNativeTarget section */

/* Begin PBXProject section */
		133AF05B2B4710FA005557D9 /* Project object */ = {
			isa = PBXProject;
			attributes = {
				BuildIndependentTargetsInParallel = 1;
				LastSwiftUpdateCheck = 1510;
				LastUpgradeCheck = 1510;
				TargetAttributes = {
					133AF0622B4710FA005557D9 = {
						CreatedOnToolsVersion = 15.1;
					};
				};
			};
			buildConfigurationList = 133AF05E2B4710FA005557D9 /* Build configuration list for PBXProject "Ventuor" */;
			compatibilityVersion = "Xcode 14.0";
			developmentRegion = en;
			hasScannedForEncodings = 0;
			knownRegions = (
				en,
				Base,
			);
			mainGroup = 133AF05A2B4710FA005557D9;
			productRefGroup = 133AF0642B4710FA005557D9 /* Products */;
			projectDirPath = "";
			projectRoot = "";
			targets = (
				133AF0622B4710FA005557D9 /* Ventuor */,
			);
		};
/* End PBXProject section */

/* Begin PBXResourcesBuildPhase section */
		133AF0612B4710FA005557D9 /* Resources */ = {
			isa = PBXResourcesBuildPhase;
			buildActionMask = 2147483647;
			files = (
				133AF06E2B4710FE005557D9 /* Preview Assets.xcassets in Resources */,
				133AF06B2B4710FE005557D9 /* Assets.xcassets in Resources */,
			);
			runOnlyForDeploymentPostprocessing = 0;
		};
/* End PBXResourcesBuildPhase section */

/* Begin PBXSourcesBuildPhase section */
		133AF05F2B4710FA005557D9 /* Sources */ = {
			isa = PBXSourcesBuildPhase;
			buildActionMask = 2147483647;
			files = (
				13F8EB062B53388500BABF60 /* VentuorWebsiteItem.swift in Sources */,
				131F6E3C2B5073B600F81D50 /* VentuorViewModel.swift in Sources */,
				1303E9622B4DB92600DC9B75 /* SearchViewTab.swift in Sources */,
				13F8EB022B53347500BABF60 /* VentuorYouTubeItem.swift in Sources */,
				133AF0AA2B476334005557D9 /* SignupEmail.swift in Sources */,
				13F8EB272B562D0000BABF60 /* VentuorHoursItem.swift in Sources */,
				133AF09B2B47613F005557D9 /* SignupViewModel.swift in Sources */,
				133AF0692B4710FA005557D9 /* ContentView.swift in Sources */,
				133AF09A2B47613F005557D9 /* LoginRequest.swift in Sources */,
				133AF0932B47610F005557D9 /* SignupFullname.swift in Sources */,
				13F8EAF22B50BD9400BABF60 /* LocationDataManager.swift in Sources */,
				133AF08F2B474E35005557D9 /* LandingView.swift in Sources */,
				13F8EAF42B51CDA100BABF60 /* VentuorGenericSheet.swift in Sources */,
				13F8EAFA2B51DD6200BABF60 /* VentuorNavButtonView.swift in Sources */,
				136F858F2B4C95EB0089B651 /* Home.swift in Sources */,
				133AF0A22B4761B2005557D9 /* Services.swift in Sources */,
				133AF0A32B4761B2005557D9 /* Web.swift in Sources */,
				133AF07A2B472196005557D9 /* KeychainWrapperSubscript.swift in Sources */,
				133AF09C2B47613F005557D9 /* LoginResponse.swift in Sources */,
				1303E9602B4DB91700DC9B75 /* SettingsViewTab.swift in Sources */,
				1303E95C2B4DB82900DC9B75 /* HomeViewTab.swift in Sources */,
				133AF0992B47613F005557D9 /* LoginViewModel.swift in Sources */,
				133AF0672B4710FA005557D9 /* VentuorApp.swift in Sources */,
				133AF0882B472879005557D9 /* RootScreen.swift in Sources */,
				131F6E3A2B50700D00F81D50 /* Utils.swift in Sources */,
				133AF08A2B4730D5005557D9 /* TabViewScreen.swift in Sources */,
				133AF0AE2B47636A005557D9 /* SignupConfirmation.swift in Sources */,
				13F8EB002B53333B00BABF60 /* VentuorFacebookItem.swift in Sources */,
				133AF07C2B472196005557D9 /* KeychainWrapper.swift in Sources */,
				13C623C02B5705AD0041B75C /* VentuorMapsItem.swift in Sources */,
				1303E95E2B4DB90500DC9B75 /* ProfileViewTab.swift in Sources */,
				13F8EB042B53377C00BABF60 /* VentuorTwitterItem.swift in Sources */,
				13F8EAF82B51CF0200BABF60 /* HTMLRender.swift in Sources */,
				133AF0832B47233E005557D9 /* IntroScreens.swift in Sources */,
				133AF0AC2B476349005557D9 /* SignupPassword.swift in Sources */,
				136F85932B4CA4870089B651 /* TabCurve.swift in Sources */,
				13F8EAFC2B51E4E200BABF60 /* VentuorSaveFollowButtons.swift in Sources */,
				13F8EAF02B50BC8300BABF60 /* SettingsInfo.swift in Sources */,
				133AF0912B4760FA005557D9 /* LoginView.swift in Sources */,
				1303E9662B5039F700DC9B75 /* VentuorHoursSheet.swift in Sources */,
				136F858C2B4B39C30089B651 /* ErrorHelper.swift in Sources */,
				133AF08C2B473125005557D9 /* HomeViewModel.swift in Sources */,
				133AF0B52B484EE5005557D9 /* Configuration.swift in Sources */,
				13C623C42B574BD00041B75C /* VentuorPagesItem.swift in Sources */,
				133AF07B2B472196005557D9 /* KeychainItemAccessibility.swift in Sources */,
				133AF0A82B4762D7005557D9 /* OnboardingInputView.swift in Sources */,
				131F6E382B50693B00F81D50 /* VentuorData.swift in Sources */,
				13C623C22B57105A0041B75C /* VentuorTitleOpenClosedStatus.swift in Sources */,
				13F8EB292B562F7C00BABF60 /* VentuorDeptHoursItem.swift in Sources */,
				133AF0812B4722F5005557D9 /* IntroItem.swift in Sources */,
				133AF0752B47212A005557D9 /* Auth.swift in Sources */,
				133AF0862B47254F005557D9 /* SplashView.swift in Sources */,
				1303E9642B4EDE6100DC9B75 /* VentuorView.swift in Sources */,
				13F8EAFE2B532B1D00BABF60 /* VentuorCallItem.swift in Sources */,
				136F85912B4C965B0089B651 /* CustomTabBar.swift in Sources */,
				13C623BE2B56D8A80041B75C /* VentuorAppItem.swift in Sources */,
			);
			runOnlyForDeploymentPostprocessing = 0;
		};
/* End PBXSourcesBuildPhase section */

/* Begin XCBuildConfiguration section */
		133AF06F2B4710FE005557D9 /* Debug */ = {
			isa = XCBuildConfiguration;
			baseConfigurationReference = 133AF0B12B48444D005557D9 /* Development.xcconfig */;
			buildSettings = {
				ALWAYS_SEARCH_USER_PATHS = NO;
				ASSETCATALOG_COMPILER_GENERATE_SWIFT_ASSET_SYMBOL_EXTENSIONS = YES;
				CLANG_ANALYZER_NONNULL = YES;
				CLANG_ANALYZER_NUMBER_OBJECT_CONVERSION = YES_AGGRESSIVE;
				CLANG_CXX_LANGUAGE_STANDARD = "gnu++20";
				CLANG_ENABLE_MODULES = YES;
				CLANG_ENABLE_OBJC_ARC = YES;
				CLANG_ENABLE_OBJC_WEAK = YES;
				CLANG_WARN_BLOCK_CAPTURE_AUTORELEASING = YES;
				CLANG_WARN_BOOL_CONVERSION = YES;
				CLANG_WARN_COMMA = YES;
				CLANG_WARN_CONSTANT_CONVERSION = YES;
				CLANG_WARN_DEPRECATED_OBJC_IMPLEMENTATIONS = YES;
				CLANG_WARN_DIRECT_OBJC_ISA_USAGE = YES_ERROR;
				CLANG_WARN_DOCUMENTATION_COMMENTS = YES;
				CLANG_WARN_EMPTY_BODY = YES;
				CLANG_WARN_ENUM_CONVERSION = YES;
				CLANG_WARN_INFINITE_RECURSION = YES;
				CLANG_WARN_INT_CONVERSION = YES;
				CLANG_WARN_NON_LITERAL_NULL_CONVERSION = YES;
				CLANG_WARN_OBJC_IMPLICIT_RETAIN_SELF = YES;
				CLANG_WARN_OBJC_LITERAL_CONVERSION = YES;
				CLANG_WARN_OBJC_ROOT_CLASS = YES_ERROR;
				CLANG_WARN_QUOTED_INCLUDE_IN_FRAMEWORK_HEADER = YES;
				CLANG_WARN_RANGE_LOOP_ANALYSIS = YES;
				CLANG_WARN_STRICT_PROTOTYPES = YES;
				CLANG_WARN_SUSPICIOUS_MOVE = YES;
				CLANG_WARN_UNGUARDED_AVAILABILITY = YES_AGGRESSIVE;
				CLANG_WARN_UNREACHABLE_CODE = YES;
				CLANG_WARN__DUPLICATE_METHOD_MATCH = YES;
				COPY_PHASE_STRIP = NO;
				DEBUG_INFORMATION_FORMAT = dwarf;
				ENABLE_STRICT_OBJC_MSGSEND = YES;
				ENABLE_TESTABILITY = YES;
				ENABLE_USER_SCRIPT_SANDBOXING = YES;
				GCC_C_LANGUAGE_STANDARD = gnu17;
				GCC_DYNAMIC_NO_PIC = NO;
				GCC_NO_COMMON_BLOCKS = YES;
				GCC_OPTIMIZATION_LEVEL = 0;
				GCC_PREPROCESSOR_DEFINITIONS = (
					"DEBUG=1",
					"$(inherited)",
				);
				GCC_WARN_64_TO_32_BIT_CONVERSION = YES;
				GCC_WARN_ABOUT_RETURN_TYPE = YES_ERROR;
				GCC_WARN_UNDECLARED_SELECTOR = YES;
				GCC_WARN_UNINITIALIZED_AUTOS = YES_AGGRESSIVE;
				GCC_WARN_UNUSED_FUNCTION = YES;
				GCC_WARN_UNUSED_VARIABLE = YES;
				IPHONEOS_DEPLOYMENT_TARGET = 17.1;
				LOCALIZATION_PREFERS_STRING_CATALOGS = YES;
				MTL_ENABLE_DEBUG_INFO = INCLUDE_SOURCE;
				MTL_FAST_MATH = YES;
				ONLY_ACTIVE_ARCH = YES;
				OTHER_SWIFT_FLAGS = "";
				SDKROOT = iphoneos;
				SWIFT_ACTIVE_COMPILATION_CONDITIONS = "DEBUG $(inherited)";
				SWIFT_OPTIMIZATION_LEVEL = "-Onone";
			};
			name = Debug;
		};
		133AF0702B4710FE005557D9 /* Release */ = {
			isa = XCBuildConfiguration;
			baseConfigurationReference = 133AF0B22B4844C9005557D9 /* Production.xcconfig */;
			buildSettings = {
				ALWAYS_SEARCH_USER_PATHS = NO;
				ASSETCATALOG_COMPILER_GENERATE_SWIFT_ASSET_SYMBOL_EXTENSIONS = YES;
				CLANG_ANALYZER_NONNULL = YES;
				CLANG_ANALYZER_NUMBER_OBJECT_CONVERSION = YES_AGGRESSIVE;
				CLANG_CXX_LANGUAGE_STANDARD = "gnu++20";
				CLANG_ENABLE_MODULES = YES;
				CLANG_ENABLE_OBJC_ARC = YES;
				CLANG_ENABLE_OBJC_WEAK = YES;
				CLANG_WARN_BLOCK_CAPTURE_AUTORELEASING = YES;
				CLANG_WARN_BOOL_CONVERSION = YES;
				CLANG_WARN_COMMA = YES;
				CLANG_WARN_CONSTANT_CONVERSION = YES;
				CLANG_WARN_DEPRECATED_OBJC_IMPLEMENTATIONS = YES;
				CLANG_WARN_DIRECT_OBJC_ISA_USAGE = YES_ERROR;
				CLANG_WARN_DOCUMENTATION_COMMENTS = YES;
				CLANG_WARN_EMPTY_BODY = YES;
				CLANG_WARN_ENUM_CONVERSION = YES;
				CLANG_WARN_INFINITE_RECURSION = YES;
				CLANG_WARN_INT_CONVERSION = YES;
				CLANG_WARN_NON_LITERAL_NULL_CONVERSION = YES;
				CLANG_WARN_OBJC_IMPLICIT_RETAIN_SELF = YES;
				CLANG_WARN_OBJC_LITERAL_CONVERSION = YES;
				CLANG_WARN_OBJC_ROOT_CLASS = YES_ERROR;
				CLANG_WARN_QUOTED_INCLUDE_IN_FRAMEWORK_HEADER = YES;
				CLANG_WARN_RANGE_LOOP_ANALYSIS = YES;
				CLANG_WARN_STRICT_PROTOTYPES = YES;
				CLANG_WARN_SUSPICIOUS_MOVE = YES;
				CLANG_WARN_UNGUARDED_AVAILABILITY = YES_AGGRESSIVE;
				CLANG_WARN_UNREACHABLE_CODE = YES;
				CLANG_WARN__DUPLICATE_METHOD_MATCH = YES;
				COPY_PHASE_STRIP = NO;
				DEBUG_INFORMATION_FORMAT = "dwarf-with-dsym";
				ENABLE_NS_ASSERTIONS = NO;
				ENABLE_STRICT_OBJC_MSGSEND = YES;
				ENABLE_USER_SCRIPT_SANDBOXING = YES;
				GCC_C_LANGUAGE_STANDARD = gnu17;
				GCC_NO_COMMON_BLOCKS = YES;
				GCC_WARN_64_TO_32_BIT_CONVERSION = YES;
				GCC_WARN_ABOUT_RETURN_TYPE = YES_ERROR;
				GCC_WARN_UNDECLARED_SELECTOR = YES;
				GCC_WARN_UNINITIALIZED_AUTOS = YES_AGGRESSIVE;
				GCC_WARN_UNUSED_FUNCTION = YES;
				GCC_WARN_UNUSED_VARIABLE = YES;
				IPHONEOS_DEPLOYMENT_TARGET = 17.1;
				LOCALIZATION_PREFERS_STRING_CATALOGS = YES;
				MTL_ENABLE_DEBUG_INFO = NO;
				MTL_FAST_MATH = YES;
				OTHER_SWIFT_FLAGS = "";
				SDKROOT = iphoneos;
				SWIFT_COMPILATION_MODE = wholemodule;
				VALIDATE_PRODUCT = YES;
			};
			name = Release;
		};
		133AF0722B4710FE005557D9 /* Debug */ = {
			isa = XCBuildConfiguration;
			buildSettings = {
				ASSETCATALOG_COMPILER_APPICON_NAME = AppIcon;
				ASSETCATALOG_COMPILER_GLOBAL_ACCENT_COLOR_NAME = AccentColor;
				CODE_SIGN_STYLE = Automatic;
				CURRENT_PROJECT_VERSION = 1;
				DEVELOPMENT_ASSET_PATHS = "\"Ventuor/Preview Content\"";
				DEVELOPMENT_TEAM = CFVBF94NY7;
				ENABLE_PREVIEWS = YES;
				GENERATE_INFOPLIST_FILE = YES;
				INFOPLIST_FILE = Ventuor/Info.plist;
				INFOPLIST_KEY_NSLocationAlwaysAndWhenInUseUsageDescription = "Allow Ventuor app to access your location for optimal performance.";
				INFOPLIST_KEY_UIApplicationSceneManifest_Generation = YES;
				INFOPLIST_KEY_UIApplicationSupportsIndirectInputEvents = YES;
				INFOPLIST_KEY_UILaunchScreen_Generation = YES;
				INFOPLIST_KEY_UISupportedInterfaceOrientations = UIInterfaceOrientationPortrait;
				INFOPLIST_KEY_UISupportedInterfaceOrientations_iPad = "UIInterfaceOrientationLandscapeLeft UIInterfaceOrientationLandscapeRight UIInterfaceOrientationPortrait UIInterfaceOrientationPortraitUpsideDown";
				LD_RUNPATH_SEARCH_PATHS = (
					"$(inherited)",
					"@executable_path/Frameworks",
				);
				MARKETING_VERSION = 1.0;
				OTHER_SWIFT_FLAGS = "";
				PRODUCT_BUNDLE_IDENTIFIER = com.ventuorglobal.Ventuor;
				PRODUCT_NAME = "$(TARGET_NAME)";
				SWIFT_EMIT_LOC_STRINGS = YES;
				SWIFT_VERSION = 5.0;
				TARGETED_DEVICE_FAMILY = "1,2";
			};
			name = Debug;
		};
		133AF0732B4710FE005557D9 /* Release */ = {
			isa = XCBuildConfiguration;
			buildSettings = {
				ASSETCATALOG_COMPILER_APPICON_NAME = AppIcon;
				ASSETCATALOG_COMPILER_GLOBAL_ACCENT_COLOR_NAME = AccentColor;
				CODE_SIGN_STYLE = Automatic;
				CURRENT_PROJECT_VERSION = 1;
				DEVELOPMENT_ASSET_PATHS = "\"Ventuor/Preview Content\"";
				DEVELOPMENT_TEAM = CFVBF94NY7;
				ENABLE_PREVIEWS = YES;
				GENERATE_INFOPLIST_FILE = YES;
				INFOPLIST_FILE = Ventuor/Info.plist;
				INFOPLIST_KEY_NSLocationAlwaysAndWhenInUseUsageDescription = "Allow Ventuor app to access your location for optimal performance.";
				INFOPLIST_KEY_UIApplicationSceneManifest_Generation = YES;
				INFOPLIST_KEY_UIApplicationSupportsIndirectInputEvents = YES;
				INFOPLIST_KEY_UILaunchScreen_Generation = YES;
				INFOPLIST_KEY_UISupportedInterfaceOrientations = UIInterfaceOrientationPortrait;
				INFOPLIST_KEY_UISupportedInterfaceOrientations_iPad = "UIInterfaceOrientationLandscapeLeft UIInterfaceOrientationLandscapeRight UIInterfaceOrientationPortrait UIInterfaceOrientationPortraitUpsideDown";
				LD_RUNPATH_SEARCH_PATHS = (
					"$(inherited)",
					"@executable_path/Frameworks",
				);
				MARKETING_VERSION = 1.0;
				OTHER_SWIFT_FLAGS = "";
				PRODUCT_BUNDLE_IDENTIFIER = com.ventuorglobal.Ventuor;
				PRODUCT_NAME = "$(TARGET_NAME)";
				SWIFT_EMIT_LOC_STRINGS = YES;
				SWIFT_VERSION = 5.0;
				TARGETED_DEVICE_FAMILY = "1,2";
			};
			name = Release;
		};
/* End XCBuildConfiguration section */

/* Begin XCConfigurationList section */
		133AF05E2B4710FA005557D9 /* Build configuration list for PBXProject "Ventuor" */ = {
			isa = XCConfigurationList;
			buildConfigurations = (
				133AF06F2B4710FE005557D9 /* Debug */,
				133AF0702B4710FE005557D9 /* Release */,
			);
			defaultConfigurationIsVisible = 0;
			defaultConfigurationName = Release;
		};
		133AF0712B4710FE005557D9 /* Build configuration list for PBXNativeTarget "Ventuor" */ = {
			isa = XCConfigurationList;
			buildConfigurations = (
				133AF0722B4710FE005557D9 /* Debug */,
				133AF0732B4710FE005557D9 /* Release */,
			);
			defaultConfigurationIsVisible = 0;
			defaultConfigurationName = Release;
		};
/* End XCConfigurationList section */
	};
	rootObject = 133AF05B2B4710FA005557D9 /* Project object */;
}
